<?xml version="1.0" encoding="utf-8"?>
<Project ToolsVersion="4.0" xmlns="http://schemas.microsoft.com/developer/msbuild/2003">
  <ItemGroup>
    <Filter Include="Исходные файлы">
      <UniqueIdentifier>{4FC737F1-C7A5-4376-A066-2A32D752A2FF}</UniqueIdentifier>
      <Extensions>cpp;c;cc;cxx;c++;def;odl;idl;hpj;bat;asm;asmx</Extensions>
    </Filter>
    <Filter Include="Файлы заголовков">
      <UniqueIdentifier>{93995380-89BD-4b04-88EB-625FBE52EBFB}</UniqueIdentifier>
      <Extensions>h;hh;hpp;hxx;h++;hm;inl;inc;ipp;xsd</Extensions>
    </Filter>
    <Filter Include="Файлы ресурсов">
      <UniqueIdentifier>{67DA6AB6-F800-4c08-8B7A-83BB121AAD01}</UniqueIdentifier>
      <Extensions>rc;ico;cur;bmp;dlg;rc2;rct;bin;rgs;gif;jpg;jpeg;jpe;resx;tiff;tif;png;wav;mfcribbon-ms</Extensions>
    </Filter>
    <Filter Include="Province-X">
      <UniqueIdentifier>{be4610cc-7a2c-44cf-ad33-69c7a7124b72}</UniqueIdentifier>
    </Filter>
  </ItemGroup>
  <ItemGroup>
    <ClCompile Include="dllmain.cpp">
      <Filter>Исходные файлы</Filter>
    </ClCompile>
    <ClCompile Include="FireFest.cpp">
      <Filter>Исходные файлы</Filter>
    </ClCompile>
  </ItemGroup>
  <ItemGroup>
    <ClInclude Include="FireFest.h">
      <Filter>Файлы заголовков</Filter>
    </ClInclude>
    <ClInclude Include="CVector.h">
      <Filter>Файлы заголовков</Filter>
    </ClInclude>
    <ClInclude Include="WepTypes.h">
      <Filter>Файлы заголовков</Filter>
    </ClInclude>
    <ClInclude Include="sigscan.h">
      <Filter>Файлы заголовков</Filter>
    </ClInclude>
    <ClInclude Include="HWBP.h">
      <Filter>Файлы заголовков</Filter>
    </ClInclude>
    <ClInclude Include="MtaStuff.h">
      <Filter>Файлы заголовков</Filter>
    </ClInclude>
  </ItemGroup>
  <ItemGroup>
    <None Include="dxgi.def">
      <Filter>Исходные файлы</Filter>
    </None>
    <None Include="..\..\..\Desktop\dump\script_1.lua">
      <Filter>Province-X</Filter>
    </None>
    <None Include="..\..\..\Desktop\dump\script_2.lua">
      <Filter>Province-X</Filter>
    </None>
    <None Include="..\..\..\Desktop\dump\script_3.lua">
      <Filter>Province-X</Filter>
    </None>
    <None Include="..\..\..\Desktop\dump\script_4.lua">
      <Filter>Province-X</Filter>
    </None>
    <None Include="..\..\..\Desktop\dump\script_5.lua">
      <Filter>Province-X</Filter>
    </None>
    <None Include="..\..\..\Desktop\dump\script_6.lua">
      <Filter>Province-X</Filter>
    </None>
    <None Include="..\..\..\Desktop\dump\script_7.lua">
      <Filter>Province-X</Filter>
    </None>
    <None Include="..\..\..\Desktop\dump\script_8.lua">
      <Filter>Province-X</Filter>
    </None>
    <None Include="..\..\..\Desktop\dump\script_9.lua">
      <Filter>Province-X</Filter>
    </None>
    <None Include="..\..\..\Desktop\dump\script_10.lua">
      <Filter>Province-X</Filter>
    </None>
    <None Include="..\..\..\Desktop\dump\script_11.lua">
      <Filter>Province-X</Filter>
    </None>
    <None Include="..\..\..\Desktop\dump\script_12.lua">
      <Filter>Province-X</Filter>
    </None>
    <None Include="..\..\..\Desktop\dump\script_13.lua">
      <Filter>Province-X</Filter>
    </None>
    <None Include="..\..\..\Desktop\dump\script_14.lua">
      <Filter>Province-X</Filter>
    </None>
    <None Include="..\..\..\Desktop\dump\script_15.lua">
      <Filter>Province-X</Filter>
    </None>
    <None Include="..\..\..\Desktop\dump\script_16.lua">
      <Filter>Province-X</Filter>
    </None>
    <None Include="..\..\..\Desktop\dump\script_17.lua">
      <Filter>Province-X</Filter>
    </None>
    <None Include="..\..\..\Desktop\dump\script_18.lua">
      <Filter>Province-X</Filter>
    </None>
    <None Include="..\..\..\Desktop\dump\script_19.lua">
      <Filter>Province-X</Filter>
    </None>
    <None Include="..\..\..\Desktop\dump\script_20.lua">
      <Filter>Province-X</Filter>
    </None>
    <None Include="..\..\..\Desktop\dump\script_21.lua">
      <Filter>Province-X</Filter>
    </None>
    <None Include="..\..\..\Desktop\dump\script_22.lua">
      <Filter>Province-X</Filter>
    </None>
    <None Include="..\..\..\Desktop\dump\script_23.lua">
      <Filter>Province-X</Filter>
    </None>
    <None Include="..\..\..\Desktop\dump\script_24.lua">
      <Filter>Province-X</Filter>
    </None>
    <None Include="..\..\..\Desktop\dump\script_25.lua">
      <Filter>Province-X</Filter>
    </None>
    <None Include="..\..\..\Desktop\dump\script_26.lua">
      <Filter>Province-X</Filter>
    </None>
    <None Include="..\..\..\Desktop\dump\script_27.lua">
      <Filter>Province-X</Filter>
    </None>
    <None Include="..\..\..\Desktop\dump\script_28.lua">
      <Filter>Province-X</Filter>
    </None>
    <None Include="..\..\..\Desktop\dump\script_29.lua">
      <Filter>Province-X</Filter>
    </None>
    <None Include="..\..\..\Desktop\dump\script_30.lua">
      <Filter>Province-X</Filter>
    </None>
    <None Include="..\..\..\Desktop\dump\script_31.lua">
      <Filter>Province-X</Filter>
    </None>
    <None Include="..\..\..\Desktop\dump\script_32.lua">
      <Filter>Province-X</Filter>
    </None>
    <None Include="..\..\..\Desktop\dump\script_33.lua">
      <Filter>Province-X</Filter>
    </None>
    <None Include="..\..\..\Desktop\dump\script_34.lua">
      <Filter>Province-X</Filter>
    </None>
    <None Include="..\..\..\Desktop\dump\script_35.lua">
      <Filter>Province-X</Filter>
    </None>
    <None Include="..\..\..\Desktop\dump\script_36.lua">
      <Filter>Province-X</Filter>
    </None>
    <None Include="..\..\..\Desktop\dump\script_37.lua">
      <Filter>Province-X</Filter>
    </None>
    <None Include="..\..\..\Desktop\dump\script_38.lua">
      <Filter>Province-X</Filter>
    </None>
    <None Include="..\..\..\Desktop\dump\script_39.lua">
      <Filter>Province-X</Filter>
    </None>
    <None Include="..\..\..\Desktop\dump\script_40.lua">
      <Filter>Province-X</Filter>
    </None>
    <None Include="..\..\..\Desktop\dump\script_41.lua">
      <Filter>Province-X</Filter>
    </None>
    <None Include="..\..\..\Desktop\dump\script_42.lua">
      <Filter>Province-X</Filter>
    </None>
    <None Include="..\..\..\Desktop\dump\script_43.lua">
      <Filter>Province-X</Filter>
    </None>
    <None Include="..\..\..\Desktop\dump\script_44.lua">
      <Filter>Province-X</Filter>
    </None>
    <None Include="..\..\..\Desktop\dump\script_45.lua">
      <Filter>Province-X</Filter>
    </None>
    <None Include="..\..\..\Desktop\dump\script_46.lua">
      <Filter>Province-X</Filter>
    </None>
    <None Include="..\..\..\Desktop\dump\script_47.lua">
      <Filter>Province-X</Filter>
    </None>
    <None Include="..\..\..\Desktop\dump\script_48.lua">
      <Filter>Province-X</Filter>
    </None>
    <None Include="..\..\..\Desktop\dump\script_49.lua">
      <Filter>Province-X</Filter>
    </None>
    <None Include="..\..\..\Desktop\dump\script_50.lua">
      <Filter>Province-X</Filter>
    </None>
    <None Include="..\..\..\Desktop\dump\script_51.lua">
      <Filter>Province-X</Filter>
    </None>
    <None Include="..\..\..\Desktop\dump\script_52.lua">
      <Filter>Province-X</Filter>
    </None>
    <None Include="..\..\..\Desktop\dump\script_53.lua">
      <Filter>Province-X</Filter>
    </None>
    <None Include="..\..\..\Desktop\dump\script_54.lua">
      <Filter>Province-X</Filter>
    </None>
    <None Include="..\..\..\Desktop\dump\script_55.lua">
      <Filter>Province-X</Filter>
    </None>
    <None Include="..\..\..\Desktop\dump\script_56.lua">
      <Filter>Province-X</Filter>
    </None>
    <None Include="..\..\..\Desktop\dump\script_57.lua">
      <Filter>Province-X</Filter>
    </None>
    <None Include="..\..\..\Desktop\dump\script_58.lua">
      <Filter>Province-X</Filter>
    </None>
    <None Include="..\..\..\Desktop\dump\script_59.lua">
      <Filter>Province-X</Filter>
    </None>
    <None Include="..\..\..\Desktop\dump\script_60.lua">
      <Filter>Province-X</Filter>
    </None>
    <None Include="..\..\..\Desktop\dump\script_61.lua">
      <Filter>Province-X</Filter>
    </None>
    <None Include="..\..\..\Desktop\dump\script_62.lua">
      <Filter>Province-X</Filter>
    </None>
    <None Include="..\..\..\Desktop\dump\script_63.lua">
      <Filter>Province-X</Filter>
    </None>
    <None Include="..\..\..\Desktop\dump\script_64.lua">
      <Filter>Province-X</Filter>
    </None>
    <None Include="..\..\..\Desktop\dump\script_65.lua">
      <Filter>Province-X</Filter>
    </None>
    <None Include="..\..\..\Desktop\dump\script_66.lua">
      <Filter>Province-X</Filter>
    </None>
    <None Include="..\..\..\Desktop\dump\script_67.lua">
      <Filter>Province-X</Filter>
    </None>
    <None Include="..\..\..\Desktop\dump\script_68.lua">
      <Filter>Province-X</Filter>
    </None>
    <None Include="..\..\..\Desktop\dump\script_69.lua">
      <Filter>Province-X</Filter>
    </None>
    <None Include="..\..\..\Desktop\dump\script_70.lua">
      <Filter>Province-X</Filter>
    </None>
    <None Include="..\..\..\Desktop\dump\script_71.lua">
      <Filter>Province-X</Filter>
    </None>
    <None Include="..\..\..\Desktop\dump\script_72.lua">
      <Filter>Province-X</Filter>
    </None>
    <None Include="..\..\..\Desktop\dump\script_73.lua">
      <Filter>Province-X</Filter>
    </None>
    <None Include="..\..\..\Desktop\dump\script_74.lua">
      <Filter>Province-X</Filter>
    </None>
    <None Include="..\..\..\Desktop\dump\script_75.lua">
      <Filter>Province-X</Filter>
    </None>
    <None Include="..\..\..\Desktop\dump\script_76.lua">
      <Filter>Province-X</Filter>
    </None>
    <None Include="..\..\..\Desktop\dump\script_77.lua">
      <Filter>Province-X</Filter>
    </None>
    <None Include="..\..\..\Desktop\dump\script_78.lua">
      <Filter>Province-X</Filter>
    </None>
    <None Include="..\..\..\Desktop\dump\script_79.lua">
      <Filter>Province-X</Filter>
    </None>
    <None Include="..\..\..\Desktop\dump\script_80.lua">
      <Filter>Province-X</Filter>
    </None>
    <None Include="..\..\..\Desktop\dump\script_81.lua">
      <Filter>Province-X</Filter>
    </None>
    <None Include="..\..\..\Desktop\dump\script_82.lua">
      <Filter>Province-X</Filter>
    </None>
    <None Include="..\..\..\Desktop\dump\script_83.lua">
      <Filter>Province-X</Filter>
    </None>
    <None Include="..\..\..\Desktop\dump\script_84.lua">
      <Filter>Province-X</Filter>
    </None>
    <None Include="..\..\..\Desktop\dump\script_85.lua">
      <Filter>Province-X</Filter>
    </None>
    <None Include="..\..\..\Desktop\dump\script_86.lua">
      <Filter>Province-X</Filter>
    </None>
    <None Include="..\..\..\Desktop\dump\script_87.lua">
      <Filter>Province-X</Filter>
    </None>
    <None Include="..\..\..\Desktop\dump\script_88.lua">
      <Filter>Province-X</Filter>
    </None>
    <None Include="..\..\..\Desktop\dump\script_89.lua">
      <Filter>Province-X</Filter>
    </None>
    <None Include="..\..\..\Desktop\dump\script_90.lua">
      <Filter>Province-X</Filter>
    </None>
    <None Include="..\..\..\Desktop\dump\script_91.lua">
      <Filter>Province-X</Filter>
    </None>
    <None Include="..\..\..\Desktop\dump\script_92.lua">
      <Filter>Province-X</Filter>
    </None>
    <None Include="..\..\..\Desktop\dump\script_93.lua">
      <Filter>Province-X</Filter>
    </None>
    <None Include="..\..\..\Desktop\dump\script_94.lua">
      <Filter>Province-X</Filter>
    </None>
    <None Include="..\..\..\Desktop\dump\script_95.lua">
      <Filter>Province-X</Filter>
    </None>
    <None Include="..\..\..\Desktop\dump\script_96.lua">
      <Filter>Province-X</Filter>
    </None>
    <None Include="..\..\..\Desktop\dump\script_97.lua">
      <Filter>Province-X</Filter>
    </None>
    <None Include="..\..\..\Desktop\dump\script_98.lua">
      <Filter>Province-X</Filter>
    </None>
    <None Include="..\..\..\Desktop\dump\script_99.lua">
      <Filter>Province-X</Filter>
    </None>
    <None Include="..\..\..\Desktop\dump\script_100.lua">
      <Filter>Province-X</Filter>
    </None>
    <None Include="..\..\..\Desktop\dump\script_101.lua">
      <Filter>Province-X</Filter>
    </None>
    <None Include="..\..\..\Desktop\dump\script_102.lua">
      <Filter>Province-X</Filter>
    </None>
    <None Include="..\..\..\Desktop\dump\script_103.lua">
      <Filter>Province-X</Filter>
    </None>
    <None Include="..\..\..\Desktop\dump\script_104.lua">
      <Filter>Province-X</Filter>
    </None>
    <None Include="..\..\..\Desktop\dump\script_105.lua">
      <Filter>Province-X</Filter>
    </None>
    <None Include="..\..\..\Desktop\dump\script_106.lua">
      <Filter>Province-X</Filter>
    </None>
    <None Include="..\..\..\Desktop\dump\script_107.lua">
      <Filter>Province-X</Filter>
    </None>
    <None Include="..\..\..\Desktop\dump\script_108.lua">
      <Filter>Province-X</Filter>
    </None>
    <None Include="..\..\..\Desktop\dump\script_109.lua">
      <Filter>Province-X</Filter>
    </None>
    <None Include="..\..\..\Desktop\dump\script_110.lua">
      <Filter>Province-X</Filter>
    </None>
    <None Include="..\..\..\Desktop\dump\script_111.lua">
      <Filter>Province-X</Filter>
    </None>
    <None Include="..\..\..\Desktop\dump\script_112.lua">
      <Filter>Province-X</Filter>
    </None>
    <None Include="..\..\..\Desktop\dump\script_113.lua">
      <Filter>Province-X</Filter>
    </None>
    <None Include="..\..\..\Desktop\dump\script_114.lua">
      <Filter>Province-X</Filter>
    </None>
    <None Include="..\..\..\Desktop\dump\script_115.lua">
      <Filter>Province-X</Filter>
    </None>
    <None Include="..\..\..\Desktop\dump\script_116.lua">
      <Filter>Province-X</Filter>
    </None>
    <None Include="..\..\..\Desktop\dump\script_117.lua">
      <Filter>Province-X</Filter>
    </None>
    <None Include="..\..\..\Desktop\dump\script_118.lua">
      <Filter>Province-X</Filter>
    </None>
    <None Include="..\..\..\Desktop\dump\script_119.lua">
      <Filter>Province-X</Filter>
    </None>
    <None Include="..\..\..\Desktop\dump\script_120.lua">
      <Filter>Province-X</Filter>
    </None>
    <None Include="..\..\..\Desktop\dump\script_121.lua">
      <Filter>Province-X</Filter>
    </None>
    <None Include="..\..\..\Desktop\dump\script_122.lua">
      <Filter>Province-X</Filter>
    </None>
    <None Include="..\..\..\Desktop\dump\script_123.lua">
      <Filter>Province-X</Filter>
    </None>
    <None Include="..\..\..\Desktop\dump\script_124.lua">
      <Filter>Province-X</Filter>
    </None>
    <None Include="..\..\..\Desktop\dump\script_125.lua">
      <Filter>Province-X</Filter>
    </None>
    <None Include="..\..\..\Desktop\dump\script_126.lua">
      <Filter>Province-X</Filter>
    </None>
    <None Include="..\..\..\Desktop\dump\script_127.lua">
      <Filter>Province-X</Filter>
    </None>
    <None Include="..\..\..\Desktop\dump\script_128.lua">
      <Filter>Province-X</Filter>
    </None>
    <None Include="..\..\..\Desktop\dump\script_129.lua">
      <Filter>Province-X</Filter>
    </None>
    <None Include="..\..\..\Desktop\dump\script_130.lua">
      <Filter>Province-X</Filter>
    </None>
    <None Include="..\..\..\Desktop\dump\script_131.lua">
      <Filter>Province-X</Filter>
    </None>
    <None Include="..\..\..\Desktop\dump\script_132.lua">
      <Filter>Province-X</Filter>
    </None>
    <None Include="..\..\..\Desktop\dump\script_133.lua">
      <Filter>Province-X</Filter>
    </None>
    <None Include="..\..\..\Desktop\dump\script_134.lua">
      <Filter>Province-X</Filter>
    </None>
    <None Include="..\..\..\Desktop\dump\script_135.lua">
      <Filter>Province-X</Filter>
    </None>
    <None Include="..\..\..\Desktop\dump\script_136.lua">
      <Filter>Province-X</Filter>
    </None>
    <None Include="..\..\..\Desktop\dump\script_137.lua">
      <Filter>Province-X</Filter>
    </None>
    <None Include="..\..\..\Desktop\dump\script_138.lua">
      <Filter>Province-X</Filter>
    </None>
    <None Include="..\..\..\Desktop\dump\script_139.lua">
      <Filter>Province-X</Filter>
    </None>
    <None Include="..\..\..\Desktop\dump\script_140.lua">
      <Filter>Province-X</Filter>
    </None>
    <None Include="..\..\..\Desktop\dump\script_141.lua">
      <Filter>Province-X</Filter>
    </None>
    <None Include="..\..\..\Desktop\dump\script_142.lua">
      <Filter>Province-X</Filter>
    </None>
    <None Include="..\..\..\Desktop\dump\script_143.lua">
      <Filter>Province-X</Filter>
    </None>
    <None Include="..\..\..\Desktop\dump\script_144.lua">
      <Filter>Province-X</Filter>
    </None>
    <None Include="..\..\..\Desktop\dump\script_145.lua">
      <Filter>Province-X</Filter>
    </None>
    <None Include="..\..\..\Desktop\dump\script_146.lua">
      <Filter>Province-X</Filter>
    </None>
    <None Include="..\..\..\Desktop\dump\script_147.lua">
      <Filter>Province-X</Filter>
    </None>
    <None Include="..\..\..\Desktop\dump\script_148.lua">
      <Filter>Province-X</Filter>
    </None>
    <None Include="..\..\..\Desktop\dump\script_149.lua">
      <Filter>Province-X</Filter>
    </None>
    <None Include="..\..\..\Desktop\dump\script_150.lua">
      <Filter>Province-X</Filter>
    </None>
    <None Include="..\..\..\Desktop\dump\script_151.lua">
      <Filter>Province-X</Filter>
    </None>
    <None Include="..\..\..\Desktop\dump\script_152.lua">
      <Filter>Province-X</Filter>
    </None>
    <None Include="..\..\..\Desktop\dump\script_153.lua">
      <Filter>Province-X</Filter>
    </None>
    <None Include="..\..\..\Desktop\dump\script_154.lua">
      <Filter>Province-X</Filter>
    </None>
    <None Include="..\..\..\Desktop\dump\script_155.lua">
      <Filter>Province-X</Filter>
    </None>
    <None Include="..\..\..\Desktop\dump\script_156.lua">
      <Filter>Province-X</Filter>
    </None>
    <None Include="..\..\..\Desktop\dump\script_157.lua">
      <Filter>Province-X</Filter>
    </None>
    <None Include="..\..\..\Desktop\dump\script_158.lua">
      <Filter>Province-X</Filter>
    </None>
    <None Include="..\..\..\Desktop\dump\script_159.lua">
      <Filter>Province-X</Filter>
    </None>
    <None Include="..\..\..\Desktop\dump\script_160.lua">
      <Filter>Province-X</Filter>
    </None>
    <None Include="..\..\..\Desktop\dump\script_161.lua">
      <Filter>Province-X</Filter>
    </None>
    <None Include="..\..\..\Desktop\dump\script_162.lua">
      <Filter>Province-X</Filter>
    </None>
    <None Include="..\..\..\Desktop\dump\script_163.lua">
      <Filter>Province-X</Filter>
    </None>
    <None Include="..\..\..\Desktop\dump\script_164.lua">
      <Filter>Province-X</Filter>
    </None>
    <None Include="..\..\..\Desktop\dump\script_165.lua">
      <Filter>Province-X</Filter>
    </None>
    <None Include="..\..\..\Desktop\dump\script_166.lua">
      <Filter>Province-X</Filter>
    </None>
    <None Include="..\..\..\Desktop\dump\script_167.lua">
      <Filter>Province-X</Filter>
    </None>
    <None Include="..\..\..\Desktop\dump\script_168.lua">
      <Filter>Province-X</Filter>
    </None>
    <None Include="..\..\..\Desktop\dump\script_169.lua">
      <Filter>Province-X</Filter>
    </None>
    <None Include="..\..\..\Desktop\dump\script_170.lua">
      <Filter>Province-X</Filter>
    </None>
    <None Include="..\..\..\Desktop\dump\script_171.lua">
      <Filter>Province-X</Filter>
    </None>
    <None Include="..\..\..\Desktop\dump\script_172.lua">
      <Filter>Province-X</Filter>
    </None>
    <None Include="..\..\..\Desktop\dump\script_173.lua">
      <Filter>Province-X</Filter>
    </None>
    <None Include="..\..\..\Desktop\dump\script_174.lua">
      <Filter>Province-X</Filter>
    </None>
    <None Include="..\..\..\Desktop\dump\script_175.lua">
      <Filter>Province-X</Filter>
    </None>
    <None Include="..\..\..\Desktop\dump\script_176.lua">
      <Filter>Province-X</Filter>
    </None>
    <None Include="..\..\..\Desktop\dump\script_177.lua">
      <Filter>Province-X</Filter>
    </None>
    <None Include="..\..\..\Desktop\dump\script_178.lua">
      <Filter>Province-X</Filter>
    </None>
    <None Include="..\..\..\Desktop\dump\script_179.lua">
      <Filter>Province-X</Filter>
    </None>
    <None Include="..\..\..\Desktop\dump\script_180.lua">
      <Filter>Province-X</Filter>
    </None>
    <None Include="..\..\..\Desktop\dump\script_181.lua">
      <Filter>Province-X</Filter>
    </None>
    <None Include="..\..\..\Desktop\dump\script_182.lua">
      <Filter>Province-X</Filter>
    </None>
    <None Include="..\..\..\Desktop\dump\script_183.lua">
      <Filter>Province-X</Filter>
    </None>
    <None Include="..\..\..\Desktop\dump\script_184.lua">
      <Filter>Province-X</Filter>
    </None>
    <None Include="..\..\..\Desktop\dump\script_185.lua">
      <Filter>Province-X</Filter>
    </None>
    <None Include="..\..\..\Desktop\dump\script_186.lua">
      <Filter>Province-X</Filter>
    </None>
    <None Include="..\..\..\Desktop\dump\script_187.lua">
      <Filter>Province-X</Filter>
    </None>
    <None Include="..\..\..\Desktop\dump\script_188.lua">
      <Filter>Province-X</Filter>
    </None>
    <None Include="..\..\..\Desktop\dump\script_189.lua">
      <Filter>Province-X</Filter>
    </None>
    <None Include="..\..\..\Desktop\dump\script_190.lua">
      <Filter>Province-X</Filter>
    </None>
    <None Include="..\..\..\Desktop\dump\script_191.lua">
      <Filter>Province-X</Filter>
    </None>
    <None Include="..\..\..\Desktop\dump\script_192.lua">
      <Filter>Province-X</Filter>
    </None>
    <None Include="..\..\..\Desktop\dump\script_193.lua">
      <Filter>Province-X</Filter>
    </None>
    <None Include="..\..\..\Desktop\dump\script_194.lua">
      <Filter>Province-X</Filter>
    </None>
    <None Include="..\..\..\Desktop\dump\script_195.lua">
      <Filter>Province-X</Filter>
    </None>
    <None Include="..\..\..\Desktop\dump\script_196.lua">
      <Filter>Province-X</Filter>
    </None>
    <None Include="..\..\..\Desktop\dump\script_197.lua">
      <Filter>Province-X</Filter>
    </None>
    <None Include="..\..\..\Desktop\dump\script_198.lua">
      <Filter>Province-X</Filter>
    </None>
    <None Include="..\..\..\Desktop\dump\script_199.lua">
      <Filter>Province-X</Filter>
    </None>
    <None Include="..\..\..\Desktop\dump\script_200.lua">
      <Filter>Province-X</Filter>
    </None>
    <None Include="..\..\..\Desktop\dump\script_201.lua">
      <Filter>Province-X</Filter>
    </None>
    <None Include="..\..\..\Desktop\dump\script_202.lua">
      <Filter>Province-X</Filter>
    </None>
    <None Include="..\..\..\Desktop\dump\script_203.lua">
      <Filter>Province-X</Filter>
    </None>
    <None Include="..\..\..\Desktop\dump\script_204.lua">
      <Filter>Province-X</Filter>
    </None>
    <None Include="..\..\..\Desktop\dump\script_205.lua">
      <Filter>Province-X</Filter>
    </None>
    <None Include="..\..\..\Desktop\dump\script_206.lua">
      <Filter>Province-X</Filter>
    </None>
    <None Include="..\..\..\Desktop\dump\script_207.lua">
      <Filter>Province-X</Filter>
    </None>
    <None Include="..\..\..\Desktop\dump\script_208.lua">
      <Filter>Province-X</Filter>
    </None>
    <None Include="..\..\..\Desktop\dump\script_209.lua">
      <Filter>Province-X</Filter>
    </None>
    <None Include="..\..\..\Desktop\dump\script_210.lua">
      <Filter>Province-X</Filter>
    </None>
    <None Include="..\..\..\Desktop\dump\script_211.lua">
      <Filter>Province-X</Filter>
    </None>
    <None Include="..\..\..\Desktop\dump\script_212.lua">
      <Filter>Province-X</Filter>
    </None>
    <None Include="..\..\..\Desktop\dump\script_213.lua">
      <Filter>Province-X</Filter>
    </None>
    <None Include="..\..\..\Desktop\dump\script_214.lua">
      <Filter>Province-X</Filter>
    </None>
    <None Include="..\..\..\Desktop\dump\script_215.lua">
      <Filter>Province-X</Filter>
    </None>
    <None Include="..\..\..\Desktop\dump\script_216.lua">
      <Filter>Province-X</Filter>
    </None>
    <None Include="..\..\..\Desktop\dump\script_217.lua">
      <Filter>Province-X</Filter>
    </None>
    <None Include="..\..\..\Desktop\dump\script_218.lua">
      <Filter>Province-X</Filter>
    </None>
    <None Include="..\..\..\Desktop\dump\script_219.lua">
      <Filter>Province-X</Filter>
    </None>
    <None Include="..\..\..\Desktop\dump\script_220.lua">
      <Filter>Province-X</Filter>
    </None>
    <None Include="..\..\..\Desktop\dump\script_221.lua">
      <Filter>Province-X</Filter>
    </None>
    <None Include="..\..\..\Desktop\dump\script_222.lua">
      <Filter>Province-X</Filter>
    </None>
    <None Include="..\..\..\Desktop\dump\script_223.lua">
      <Filter>Province-X</Filter>
    </None>
    <None Include="..\..\..\Desktop\dump\script_224.lua">
      <Filter>Province-X</Filter>
    </None>
    <None Include="..\..\..\Desktop\dump\script_225.lua">
      <Filter>Province-X</Filter>
    </None>
    <None Include="..\..\..\Desktop\dump\script_226.lua">
      <Filter>Province-X</Filter>
    </None>
    <None Include="..\..\..\Desktop\dump\script_227.lua">
      <Filter>Province-X</Filter>
    </None>
    <None Include="..\..\..\Desktop\dump\script_228.lua">
      <Filter>Province-X</Filter>
    </None>
    <None Include="..\..\..\Desktop\dump\script_229.lua">
      <Filter>Province-X</Filter>
    </None>
    <None Include="..\..\..\Desktop\dump\script_230.lua">
      <Filter>Province-X</Filter>
    </None>
    <None Include="..\..\..\Desktop\dump\script_231.lua">
      <Filter>Province-X</Filter>
    </None>
    <None Include="..\..\..\Desktop\dump\script_232.lua">
      <Filter>Province-X</Filter>
    </None>
    <None Include="..\..\..\Desktop\dump\script_233.lua">
      <Filter>Province-X</Filter>
    </None>
    <None Include="..\..\..\Desktop\dump\script_234.lua">
      <Filter>Province-X</Filter>
    </None>
    <None Include="..\..\..\Desktop\dump\script_235.lua">
      <Filter>Province-X</Filter>
    </None>
    <None Include="..\..\..\Desktop\dump\script_236.lua">
      <Filter>Province-X</Filter>
    </None>
    <None Include="..\..\..\Desktop\dump\script_237.lua">
      <Filter>Province-X</Filter>
    </None>
    <None Include="..\..\..\Desktop\dump\script_238.lua">
      <Filter>Province-X</Filter>
    </None>
    <None Include="..\..\..\Desktop\dump\script_239.lua">
      <Filter>Province-X</Filter>
    </None>
    <None Include="..\..\..\Desktop\dump\script_240.lua">
      <Filter>Province-X</Filter>
    </None>
    <None Include="..\..\..\Desktop\dump\script_241.lua">
      <Filter>Province-X</Filter>
    </None>
    <None Include="..\..\..\Desktop\dump\script_242.lua">
      <Filter>Province-X</Filter>
    </None>
    <None Include="..\..\..\Desktop\dump\script_243.lua">
      <Filter>Province-X</Filter>
    </None>
    <None Include="..\..\..\Desktop\dump\script_244.lua">
      <Filter>Province-X</Filter>
    </None>
    <None Include="..\..\..\Desktop\dump\script_245.lua">
      <Filter>Province-X</Filter>
    </None>
    <None Include="..\..\..\Desktop\dump\script_246.lua">
      <Filter>Province-X</Filter>
    </None>
    <None Include="..\..\..\Desktop\dump\script_247.lua">
      <Filter>Province-X</Filter>
    </None>
    <None Include="..\..\..\Desktop\dump\script_248.lua">
      <Filter>Province-X</Filter>
    </None>
    <None Include="..\..\..\Desktop\dump\script_249.lua">
      <Filter>Province-X</Filter>
    </None>
    <None Include="..\..\..\Desktop\dump\script_250.lua">
      <Filter>Province-X</Filter>
    </None>
    <None Include="..\..\..\Desktop\dump\script_251.lua">
      <Filter>Province-X</Filter>
    </None>
    <None Include="..\..\..\Desktop\dump\script_252.lua">
      <Filter>Province-X</Filter>
    </None>
    <None Include="..\..\..\Desktop\dump\script_253.lua">
      <Filter>Province-X</Filter>
    </None>
    <None Include="..\..\..\Desktop\dump\script_254.lua">
      <Filter>Province-X</Filter>
    </None>
    <None Include="..\..\..\Desktop\dump\script_255.lua">
      <Filter>Province-X</Filter>
    </None>
    <None Include="..\..\..\Desktop\dump\script_256.lua">
      <Filter>Province-X</Filter>
    </None>
    <None Include="..\..\..\Desktop\dump\script_257.lua">
      <Filter>Province-X</Filter>
    </None>
    <None Include="..\..\..\Desktop\dump\script_258.lua">
      <Filter>Province-X</Filter>
    </None>
    <None Include="..\..\..\Desktop\dump\script_259.lua">
      <Filter>Province-X</Filter>
    </None>
    <None Include="..\..\..\Desktop\dump\script_260.lua">
      <Filter>Province-X</Filter>
    </None>
    <None Include="..\..\..\Desktop\dump\script_261.lua">
      <Filter>Province-X</Filter>
    </None>
    <None Include="..\..\..\Desktop\dump\script_262.lua">
      <Filter>Province-X</Filter>
    </None>
    <None Include="..\..\..\Desktop\dump\script_263.lua">
      <Filter>Province-X</Filter>
    </None>
    <None Include="..\..\..\Desktop\dump\script_264.lua">
      <Filter>Province-X</Filter>
    </None>
    <None Include="..\..\..\Desktop\dump\script_265.lua">
      <Filter>Province-X</Filter>
    </None>
    <None Include="..\..\..\Desktop\dump\script_266.lua">
      <Filter>Province-X</Filter>
    </None>
    <None Include="..\..\..\Desktop\dump\script_267.lua">
      <Filter>Province-X</Filter>
    </None>
    <None Include="..\..\..\Desktop\dump\script_268.lua">
      <Filter>Province-X</Filter>
    </None>
    <None Include="..\..\..\Desktop\dump\script_269.lua">
      <Filter>Province-X</Filter>
    </None>
    <None Include="..\..\..\Desktop\dump\script_270.lua">
      <Filter>Province-X</Filter>
    </None>
    <None Include="..\..\..\Desktop\dump\script_271.lua">
      <Filter>Province-X</Filter>
    </None>
    <None Include="..\..\..\Desktop\dump\script_272.lua">
      <Filter>Province-X</Filter>
    </None>
    <None Include="..\..\..\Desktop\dump\script_273.lua">
      <Filter>Province-X</Filter>
    </None>
    <None Include="..\..\..\Desktop\dump\script_274.lua">
      <Filter>Province-X</Filter>
    </None>
    <None Include="..\..\..\Desktop\dump\script_275.lua">
      <Filter>Province-X</Filter>
    </None>
    <None Include="..\..\..\Desktop\dump\script_276.lua">
      <Filter>Province-X</Filter>
    </None>
    <None Include="..\..\..\Desktop\dump\script_277.lua">
      <Filter>Province-X</Filter>
    </None>
    <None Include="..\..\..\Desktop\dump\script_278.lua">
      <Filter>Province-X</Filter>
    </None>
    <None Include="..\..\..\Desktop\dump\script_279.lua">
      <Filter>Province-X</Filter>
    </None>
    <None Include="..\..\..\Desktop\dump\script_280.lua">
      <Filter>Province-X</Filter>
    </None>
    <None Include="..\..\..\Desktop\dump\script_281.lua">
      <Filter>Province-X</Filter>
    </None>
    <None Include="..\..\..\Desktop\dump\script_282.lua">
      <Filter>Province-X</Filter>
    </None>
    <None Include="..\..\..\Desktop\dump\script_283.lua">
      <Filter>Province-X</Filter>
    </None>
    <None Include="..\..\..\Desktop\dump\script_284.lua">
      <Filter>Province-X</Filter>
    </None>
    <None Include="..\..\..\Desktop\dump\script_285.lua">
      <Filter>Province-X</Filter>
    </None>
    <None Include="..\..\..\Desktop\dump\script_286.lua">
      <Filter>Province-X</Filter>
    </None>
    <None Include="..\..\..\Desktop\dump\script_287.lua">
      <Filter>Province-X</Filter>
    </None>
    <None Include="..\..\..\Desktop\dump\script_288.lua">
      <Filter>Province-X</Filter>
    </None>
    <None Include="..\..\..\Desktop\dump\script_289.lua">
      <Filter>Province-X</Filter>
    </None>
    <None Include="..\..\..\Desktop\dump\script_290.lua">
      <Filter>Province-X</Filter>
    </None>
    <None Include="..\..\..\Desktop\dump\script_291.lua">
      <Filter>Province-X</Filter>
    </None>
    <None Include="..\..\..\Desktop\dump\script_292.lua">
      <Filter>Province-X</Filter>
    </None>
    <None Include="..\..\..\Desktop\dump\script_293.lua">
      <Filter>Province-X</Filter>
    </None>
  </ItemGroup>
</Project>